{
  "version": 4,
  "terraform_version": "0.12.12",
  "serial": 154,
  "lineage": "c29c5358-3ca5-330c-54c8-e08a0bb42ffb",
  "outputs": {},
  "resources": [
    {
      "mode": "managed",
      "type": "aws_iam_user",
      "name": "iamuser_list",
      "each": "list",
      "provider": "provider.aws",
      "instances": [
        {
          "index_key": 0,
          "schema_version": 0,
          "attributes": {
            "arn": "arn:aws:iam::196269275163:user/Red",
            "force_destroy": false,
            "id": "Red",
            "name": "Red",
            "path": "/",
            "permissions_boundary": null,
            "tags": null,
            "unique_id": "AIDAS3MUPPAN4VFG5HVO5"
          },
          "private": "bnVsbA=="
        },
        {
          "index_key": 1,
          "schema_version": 0,
          "attributes": {
            "arn": "arn:aws:iam::196269275163:user/Blue",
            "force_destroy": false,
            "id": "Blue",
            "name": "Blue",
            "path": "/",
            "permissions_boundary": null,
            "tags": null,
            "unique_id": "AIDAS3MUPPANV2SJWUN3B"
          },
          "private": "bnVsbA=="
        },
        {
          "index_key": 2,
          "schema_version": 0,
          "attributes": {
            "arn": "arn:aws:iam::196269275163:user/Green",
            "force_destroy": false,
            "id": "Green",
            "name": "Green",
            "path": "/",
            "permissions_boundary": null,
            "tags": null,
            "unique_id": "AIDAS3MUPPANYXLSKFYTL"
          },
          "private": "bnVsbA=="
        }
      ]
    },
    {
      "mode": "managed",
      "type": "aws_key_pair",
      "name": "deployer",
      "provider": "provider.aws",
      "instances": [
        {
          "schema_version": 1,
          "attributes": {
            "fingerprint": "a9:fb:5d:b6:86:f1:16:68:f2:df:f2:f2:5b:d2:b5:a2",
            "id": "deployer-key",
            "key_name": "deployer-key",
            "key_name_prefix": null,
            "public_key": "ssh-rsa AAAAB3NzaC1yc2EAAAADAQABAAABAQDYLJRpOFY6oqejmvL7y4OjXDXrHzNYh2ahXmsb5qWy6d/LQVMWqv2hCe7cAuliaQ5cnEelsYFkKQEGwmyOhyCL4NfX1XK7XxrWmWHwxbGRuV/NK8YKVWrRNft+uy2MpsJ0lGwsmFgtj0qKXejaR1tjgqch8umSfKZt8d+Ge7vceU0ahXkcK8sUH29DUXDOk/CPMJq3cjTuEyJLUKO7fWNl63cwP4d1JgLkqbhNc8MM9tCqXhsrqoH/omelcmMtkLYnAlDmRwi0hJJTeibLrYOpxBk9KT+yLLkyZrKrXDfjkUvO6CWmTWmM3zV1XQUVF9qER7ii+/mBVFk8xFaH0dYj aravind@aravind-MintBox"
          },
          "private": "eyJzY2hlbWFfdmVyc2lvbiI6IjEifQ=="
        }
      ]
    },
    {
      "mode": "managed",
      "type": "github_repository",
      "name": "myweb",
      "provider": "provider.github",
      "instances": [
        {
          "schema_version": 0,
          "attributes": {
            "allow_merge_commit": true,
            "allow_rebase_merge": true,
            "allow_squash_merge": true,
            "archived": false,
            "auto_init": null,
            "default_branch": "master",
            "description": "My super awesome codebase",
            "etag": "W/\"41f06632b82793368336b06989339919\"",
            "full_name": "ldba1/tftrain1",
            "git_clone_url": "git://github.com/ldba1/tftrain1.git",
            "gitignore_template": null,
            "has_downloads": false,
            "has_issues": false,
            "has_projects": false,
            "has_wiki": false,
            "homepage_url": "",
            "html_url": "https://github.com/ldba1/tftrain1",
            "http_clone_url": "https://github.com/ldba1/tftrain1.git",
            "id": "tftrain1",
            "license_template": null,
            "name": "tftrain1",
            "private": false,
            "ssh_clone_url": "git@github.com:ldba1/tftrain1.git",
            "svn_url": "https://github.com/ldba1/tftrain1",
            "topics": null
          },
          "private": "bnVsbA=="
        }
      ]
    },
    {
      "mode": "managed",
      "type": "github_repository",
      "name": "newweb",
      "provider": "provider.github",
      "instances": [
        {
          "schema_version": 0,
          "attributes": {
            "allow_merge_commit": true,
            "allow_rebase_merge": true,
            "allow_squash_merge": true,
            "archived": false,
            "auto_init": null,
            "default_branch": "master",
            "description": "My super awesome codebase 2",
            "etag": "W/\"1b70ac8abf13f3e4ac240fe5b4c385c8\"",
            "full_name": "ldba1/tftrain2",
            "git_clone_url": "git://github.com/ldba1/tftrain2.git",
            "gitignore_template": null,
            "has_downloads": false,
            "has_issues": false,
            "has_projects": false,
            "has_wiki": false,
            "homepage_url": "",
            "html_url": "https://github.com/ldba1/tftrain2",
            "http_clone_url": "https://github.com/ldba1/tftrain2.git",
            "id": "tftrain2",
            "license_template": null,
            "name": "tftrain2",
            "private": false,
            "ssh_clone_url": "git@github.com:ldba1/tftrain2.git",
            "svn_url": "https://github.com/ldba1/tftrain2",
            "topics": null
          },
          "private": "bnVsbA=="
        }
      ]
    },
    {
      "mode": "managed",
      "type": "github_repository",
      "name": "web",
      "each": "list",
      "provider": "provider.github",
      "instances": [
        {
          "index_key": 0,
          "schema_version": 0,
          "attributes": {
            "allow_merge_commit": true,
            "allow_rebase_merge": true,
            "allow_squash_merge": true,
            "archived": false,
            "auto_init": null,
            "default_branch": "master",
            "description": "My awesome Green codebase",
            "etag": "W/\"9aaf8bc2294389b852d46b4aaf582f82\"",
            "full_name": "ldba1/Blue_0",
            "git_clone_url": "git://github.com/ldba1/Blue_0.git",
            "gitignore_template": null,
            "has_downloads": false,
            "has_issues": false,
            "has_projects": false,
            "has_wiki": false,
            "homepage_url": "",
            "html_url": "https://github.com/ldba1/Blue_0",
            "http_clone_url": "https://github.com/ldba1/Blue_0.git",
            "id": "Blue_0",
            "license_template": null,
            "name": "Blue_0",
            "private": false,
            "ssh_clone_url": "git@github.com:ldba1/Blue_0.git",
            "svn_url": "https://github.com/ldba1/Blue_0",
            "topics": null
          },
          "private": "bnVsbA=="
        },
        {
          "index_key": 1,
          "schema_version": 0,
          "attributes": {
            "allow_merge_commit": true,
            "allow_rebase_merge": true,
            "allow_squash_merge": true,
            "archived": false,
            "auto_init": null,
            "default_branch": "master",
            "description": "My awesome Green codebase",
            "etag": "W/\"aa4625067991b4f38ddb751c8899999e\"",
            "full_name": "ldba1/Blue_1",
            "git_clone_url": "git://github.com/ldba1/Blue_1.git",
            "gitignore_template": null,
            "has_downloads": false,
            "has_issues": false,
            "has_projects": false,
            "has_wiki": false,
            "homepage_url": "",
            "html_url": "https://github.com/ldba1/Blue_1",
            "http_clone_url": "https://github.com/ldba1/Blue_1.git",
            "id": "Blue_1",
            "license_template": null,
            "name": "Blue_1",
            "private": false,
            "ssh_clone_url": "git@github.com:ldba1/Blue_1.git",
            "svn_url": "https://github.com/ldba1/Blue_1",
            "topics": null
          },
          "private": "bnVsbA=="
        },
        {
          "index_key": 2,
          "schema_version": 0,
          "attributes": {
            "allow_merge_commit": true,
            "allow_rebase_merge": true,
            "allow_squash_merge": true,
            "archived": false,
            "auto_init": null,
            "default_branch": "master",
            "description": "My awesome Green codebase",
            "etag": "W/\"a5422e39c96dbf86049114c3de2e53f1\"",
            "full_name": "ldba1/Blue_2",
            "git_clone_url": "git://github.com/ldba1/Blue_2.git",
            "gitignore_template": null,
            "has_downloads": false,
            "has_issues": false,
            "has_projects": false,
            "has_wiki": false,
            "homepage_url": "",
            "html_url": "https://github.com/ldba1/Blue_2",
            "http_clone_url": "https://github.com/ldba1/Blue_2.git",
            "id": "Blue_2",
            "license_template": null,
            "name": "Blue_2",
            "private": false,
            "ssh_clone_url": "git@github.com:ldba1/Blue_2.git",
            "svn_url": "https://github.com/ldba1/Blue_2",
            "topics": null
          },
          "private": "bnVsbA=="
        }
      ]
    }
  ]
}
