{
  "version": 4,
  "terraform_version": "0.12.12",
  "serial": 181,
  "lineage": "c29c5358-3ca5-330c-54c8-e08a0bb42ffb",
  "outputs": {},
  "resources": [
    {
      "mode": "managed",
      "type": "aws_iam_user",
      "name": "iamuser_list",
      "each": "list",
      "provider": "provider.aws",
      "instances": [
        {
          "index_key": 0,
          "schema_version": 0,
          "attributes": {
            "arn": "arn:aws:iam::196269275163:user/Red",
            "force_destroy": false,
            "id": "Red",
            "name": "Red",
            "path": "/",
            "permissions_boundary": null,
            "tags": {},
            "unique_id": "AIDAS3MUPPAN3CJ6MI7KI"
          },
          "private": "bnVsbA=="
        },
        {
          "index_key": 1,
          "schema_version": 0,
          "attributes": {
            "arn": "arn:aws:iam::196269275163:user/Blue",
            "force_destroy": false,
            "id": "Blue",
            "name": "Blue",
            "path": "/",
            "permissions_boundary": null,
            "tags": {},
            "unique_id": "AIDAS3MUPPANRYVSAW7FK"
          },
          "private": "bnVsbA=="
        },
        {
          "index_key": 2,
          "schema_version": 0,
          "attributes": {
            "arn": "arn:aws:iam::196269275163:user/Green",
            "force_destroy": false,
            "id": "Green",
            "name": "Green",
            "path": "/",
            "permissions_boundary": null,
            "tags": {},
            "unique_id": "AIDAS3MUPPAN7UOAMRAYB"
          },
          "private": "bnVsbA=="
        }
      ]
    },
    {
      "mode": "managed",
      "type": "aws_instance",
      "name": "example",
      "provider": "provider.aws",
      "instances": [
        {
          "schema_version": 1,
          "attributes": {
            "ami": "ami-0a2a94baf8854e9ee",
            "arn": "arn:aws:ec2:ap-south-1:196269275163:instance/i-09a2d56bb3555a773",
            "associate_public_ip_address": true,
            "availability_zone": "ap-south-1b",
            "cpu_core_count": 1,
            "cpu_threads_per_core": 1,
            "credit_specification": [
              {
                "cpu_credits": "standard"
              }
            ],
            "disable_api_termination": false,
            "ebs_block_device": [],
            "ebs_optimized": false,
            "ephemeral_block_device": [],
            "get_password_data": false,
            "host_id": null,
            "iam_instance_profile": "",
            "id": "i-09a2d56bb3555a773",
            "instance_initiated_shutdown_behavior": null,
            "instance_state": "running",
            "instance_type": "t2.micro",
            "ipv6_address_count": 0,
            "ipv6_addresses": [],
            "key_name": "",
            "monitoring": false,
            "network_interface": [],
            "network_interface_id": null,
            "password_data": "",
            "placement_group": "",
            "primary_network_interface_id": "eni-02afb571daa3c8816",
            "private_dns": "ip-172-31-1-59.ap-south-1.compute.internal",
            "private_ip": "172.31.1.59",
            "public_dns": "ec2-13-234-66-240.ap-south-1.compute.amazonaws.com",
            "public_ip": "13.234.66.240",
            "root_block_device": [
              {
                "delete_on_termination": true,
                "encrypted": false,
                "iops": 100,
                "kms_key_id": "",
                "volume_id": "vol-04ee1124b0dde1b26",
                "volume_size": 10,
                "volume_type": "gp2"
              }
            ],
            "security_groups": [
              "default"
            ],
            "source_dest_check": true,
            "subnet_id": "subnet-0fe0bf1d9d7512277",
            "tags": null,
            "tenancy": "default",
            "timeouts": null,
            "user_data": null,
            "user_data_base64": null,
            "volume_tags": {},
            "vpc_security_group_ids": [
              "sg-0c572f42a11a7a60e"
            ]
          },
          "private": "eyJlMmJmYjczMC1lY2FhLTExZTYtOGY4OC0zNDM2M2JjN2M0YzAiOnsiY3JlYXRlIjo2MDAwMDAwMDAwMDAsImRlbGV0ZSI6MTIwMDAwMDAwMDAwMCwidXBkYXRlIjo2MDAwMDAwMDAwMDB9LCJzY2hlbWFfdmVyc2lvbiI6IjEifQ=="
        }
      ]
    },
    {
      "mode": "managed",
      "type": "aws_instance",
      "name": "jazz",
      "provider": "provider.aws.aravind",
      "instances": [
        {
          "schema_version": 1,
          "attributes": {
            "ami": "ami-0a74bfeb190bd404f",
            "arn": "arn:aws:ec2:ap-south-1:196269275163:instance/i-0845a3cb688106309",
            "associate_public_ip_address": true,
            "availability_zone": "ap-south-1b",
            "cpu_core_count": 1,
            "cpu_threads_per_core": 1,
            "credit_specification": [
              {
                "cpu_credits": "standard"
              }
            ],
            "disable_api_termination": false,
            "ebs_block_device": [],
            "ebs_optimized": false,
            "ephemeral_block_device": [],
            "get_password_data": false,
            "host_id": null,
            "iam_instance_profile": "",
            "id": "i-0845a3cb688106309",
            "instance_initiated_shutdown_behavior": null,
            "instance_state": "running",
            "instance_type": "t2.micro",
            "ipv6_address_count": 0,
            "ipv6_addresses": [],
            "key_name": "deployer-key",
            "monitoring": false,
            "network_interface": [],
            "network_interface_id": null,
            "password_data": "",
            "placement_group": "",
            "primary_network_interface_id": "eni-00664f8ea873f9826",
            "private_dns": "ip-172-31-6-246.ap-south-1.compute.internal",
            "private_ip": "172.31.6.246",
            "public_dns": "ec2-15-206-90-36.ap-south-1.compute.amazonaws.com",
            "public_ip": "15.206.90.36",
            "root_block_device": [
              {
                "delete_on_termination": true,
                "encrypted": false,
                "iops": 100,
                "kms_key_id": "",
                "volume_id": "vol-0d70d5025663c556a",
                "volume_size": 10,
                "volume_type": "gp2"
              }
            ],
            "security_groups": [
              "default"
            ],
            "source_dest_check": true,
            "subnet_id": "subnet-0fe0bf1d9d7512277",
            "tags": {
              "Name": "aravind"
            },
            "tenancy": "default",
            "timeouts": null,
            "user_data": null,
            "user_data_base64": null,
            "volume_tags": {},
            "vpc_security_group_ids": [
              "sg-0c572f42a11a7a60e"
            ]
          },
          "private": "eyJlMmJmYjczMC1lY2FhLTExZTYtOGY4OC0zNDM2M2JjN2M0YzAiOnsiY3JlYXRlIjo2MDAwMDAwMDAwMDAsImRlbGV0ZSI6MTIwMDAwMDAwMDAwMCwidXBkYXRlIjo2MDAwMDAwMDAwMDB9LCJzY2hlbWFfdmVyc2lvbiI6IjEifQ=="
        }
      ]
    },
    {
      "mode": "managed",
      "type": "aws_key_pair",
      "name": "deployer",
      "provider": "provider.aws",
      "instances": [
        {
          "schema_version": 1,
          "attributes": {
            "fingerprint": "a9:fb:5d:b6:86:f1:16:68:f2:df:f2:f2:5b:d2:b5:a2",
            "id": "deployer-key",
            "key_name": "deployer-key",
            "key_name_prefix": null,
            "public_key": "ssh-rsa AAAAB3NzaC1yc2EAAAADAQABAAABAQDYLJRpOFY6oqejmvL7y4OjXDXrHzNYh2ahXmsb5qWy6d/LQVMWqv2hCe7cAuliaQ5cnEelsYFkKQEGwmyOhyCL4NfX1XK7XxrWmWHwxbGRuV/NK8YKVWrRNft+uy2MpsJ0lGwsmFgtj0qKXejaR1tjgqch8umSfKZt8d+Ge7vceU0ahXkcK8sUH29DUXDOk/CPMJq3cjTuEyJLUKO7fWNl63cwP4d1JgLkqbhNc8MM9tCqXhsrqoH/omelcmMtkLYnAlDmRwi0hJJTeibLrYOpxBk9KT+yLLkyZrKrXDfjkUvO6CWmTWmM3zV1XQUVF9qER7ii+/mBVFk8xFaH0dYj aravind@aravind-MintBox"
          },
          "private": "eyJzY2hlbWFfdmVyc2lvbiI6IjEifQ=="
        }
      ]
    },
    {
      "mode": "managed",
      "type": "github_repository",
      "name": "myweb",
      "provider": "provider.github",
      "instances": [
        {
          "schema_version": 0,
          "attributes": {
            "allow_merge_commit": true,
            "allow_rebase_merge": true,
            "allow_squash_merge": true,
            "archived": false,
            "auto_init": null,
            "default_branch": "master",
            "description": "My super awesome codebase",
            "etag": "W/\"a7ccdd2199f86f024e2f67984b460da2\"",
            "full_name": "ldba1/tftrain1",
            "git_clone_url": "git://github.com/ldba1/tftrain1.git",
            "gitignore_template": null,
            "has_downloads": false,
            "has_issues": false,
            "has_projects": false,
            "has_wiki": false,
            "homepage_url": "",
            "html_url": "https://github.com/ldba1/tftrain1",
            "http_clone_url": "https://github.com/ldba1/tftrain1.git",
            "id": "tftrain1",
            "license_template": null,
            "name": "tftrain1",
            "private": false,
            "ssh_clone_url": "git@github.com:ldba1/tftrain1.git",
            "svn_url": "https://github.com/ldba1/tftrain1",
            "topics": null
          },
          "private": "bnVsbA=="
        }
      ]
    },
    {
      "mode": "managed",
      "type": "github_repository",
      "name": "newweb",
      "provider": "provider.github",
      "instances": [
        {
          "schema_version": 0,
          "attributes": {
            "allow_merge_commit": true,
            "allow_rebase_merge": true,
            "allow_squash_merge": true,
            "archived": false,
            "auto_init": null,
            "default_branch": "master",
            "description": "My super awesome codebase 2",
            "etag": "W/\"e24acdca9fb779fa6da963656d73a6d1\"",
            "full_name": "ldba1/tftrain2",
            "git_clone_url": "git://github.com/ldba1/tftrain2.git",
            "gitignore_template": null,
            "has_downloads": false,
            "has_issues": false,
            "has_projects": false,
            "has_wiki": false,
            "homepage_url": "",
            "html_url": "https://github.com/ldba1/tftrain2",
            "http_clone_url": "https://github.com/ldba1/tftrain2.git",
            "id": "tftrain2",
            "license_template": null,
            "name": "tftrain2",
            "private": false,
            "ssh_clone_url": "git@github.com:ldba1/tftrain2.git",
            "svn_url": "https://github.com/ldba1/tftrain2",
            "topics": null
          },
          "private": "bnVsbA=="
        }
      ]
    },
    {
      "mode": "managed",
      "type": "github_repository",
      "name": "web",
      "each": "list",
      "provider": "provider.github",
      "instances": [
        {
          "index_key": 0,
          "schema_version": 0,
          "attributes": {
            "allow_merge_commit": true,
            "allow_rebase_merge": true,
            "allow_squash_merge": true,
            "archived": false,
            "auto_init": null,
            "default_branch": "master",
            "description": "My awesome Green codebase",
            "etag": "W/\"187f49b5e70843e4c662b509016e8cac\"",
            "full_name": "ldba1/Blue_0",
            "git_clone_url": "git://github.com/ldba1/Blue_0.git",
            "gitignore_template": null,
            "has_downloads": false,
            "has_issues": false,
            "has_projects": false,
            "has_wiki": false,
            "homepage_url": "",
            "html_url": "https://github.com/ldba1/Blue_0",
            "http_clone_url": "https://github.com/ldba1/Blue_0.git",
            "id": "Blue_0",
            "license_template": null,
            "name": "Blue_0",
            "private": false,
            "ssh_clone_url": "git@github.com:ldba1/Blue_0.git",
            "svn_url": "https://github.com/ldba1/Blue_0",
            "topics": null
          },
          "private": "bnVsbA=="
        },
        {
          "index_key": 1,
          "schema_version": 0,
          "attributes": {
            "allow_merge_commit": true,
            "allow_rebase_merge": true,
            "allow_squash_merge": true,
            "archived": false,
            "auto_init": null,
            "default_branch": "master",
            "description": "My awesome Green codebase",
            "etag": "W/\"22708ac905c249e0f9ef6bb4357992d4\"",
            "full_name": "ldba1/Blue_1",
            "git_clone_url": "git://github.com/ldba1/Blue_1.git",
            "gitignore_template": null,
            "has_downloads": false,
            "has_issues": false,
            "has_projects": false,
            "has_wiki": false,
            "homepage_url": "",
            "html_url": "https://github.com/ldba1/Blue_1",
            "http_clone_url": "https://github.com/ldba1/Blue_1.git",
            "id": "Blue_1",
            "license_template": null,
            "name": "Blue_1",
            "private": false,
            "ssh_clone_url": "git@github.com:ldba1/Blue_1.git",
            "svn_url": "https://github.com/ldba1/Blue_1",
            "topics": null
          },
          "private": "bnVsbA=="
        },
        {
          "index_key": 2,
          "schema_version": 0,
          "attributes": {
            "allow_merge_commit": true,
            "allow_rebase_merge": true,
            "allow_squash_merge": true,
            "archived": false,
            "auto_init": null,
            "default_branch": "master",
            "description": "My awesome Green codebase",
            "etag": "W/\"7d2a947e5f7a26ed338a1fa92653df89\"",
            "full_name": "ldba1/Blue_2",
            "git_clone_url": "git://github.com/ldba1/Blue_2.git",
            "gitignore_template": null,
            "has_downloads": false,
            "has_issues": false,
            "has_projects": false,
            "has_wiki": false,
            "homepage_url": "",
            "html_url": "https://github.com/ldba1/Blue_2",
            "http_clone_url": "https://github.com/ldba1/Blue_2.git",
            "id": "Blue_2",
            "license_template": null,
            "name": "Blue_2",
            "private": false,
            "ssh_clone_url": "git@github.com:ldba1/Blue_2.git",
            "svn_url": "https://github.com/ldba1/Blue_2",
            "topics": null
          },
          "private": "bnVsbA=="
        }
      ]
    }
  ]
}
